
Microsoft Visual Studio Solution File, Format Version 12.00
# Visual Studio Version 17
VisualStudioVersion = 17.3.32901.215
MinimumVisualStudioVersion = 10.0.40219.1
Project("{FAE04EC0-301F-11D3-BF4B-00C04F79EFBC}") = "MinimalAPI", "MinimalAPI.csproj", "{5E249896-E285-419B-8129-118C253683DB}"
EndProject
Global
	GlobalSection(SolutionConfigurationPlatforms) = preSolution
		Debug|Any CPU = Debug|Any CPU
		Release|Any CPU = Release|Any CPU
	EndGlobalSection
	GlobalSection(ProjectConfigurationPlatforms) = postSolution
		{5E249896-E285-419B-8129-118C253683DB}.Debug|Any CPU.ActiveCfg = Debug|Any CPU
		{5E249896-E285-419B-8129-118C253683DB}.Debug|Any CPU.Build.0 = Debug|Any CPU
		{5E249896-E285-419B-8129-118C253683DB}.Release|Any CPU.ActiveCfg = Release|Any CPU
		{5E249896-E285-419B-8129-118C253683DB}.Release|Any CPU.Build.0 = Release|Any CPU
	EndGlobalSection
	GlobalSection(SolutionProperties) = preSolution
		HideSolutionNode = FALSE
	EndGlobalSection
	GlobalSection(ExtensibilityGlobals) = postSolution
		SolutionGuid = {BEE5CFCD-0045-4046-9418-72228E013EC6}
	EndGlobalSection
EndGlobal
